
Microsoft Visual Studio Solution File, Format Version 12.00
# Visual Studio Version 17
VisualStudioVersion = 17.5.33424.131
MinimumVisualStudioVersion = 10.0.40219.1
Project("{FAE04EC0-301F-11D3-BF4B-00C04F79EFBC}") = "ST Management System", "ST Management System\ST Management System.csproj", "{A5185F7C-84F0-4D8F-ACD3-4EBB4CDDC3BB}"
EndProject
Global
	GlobalSection(SolutionConfigurationPlatforms) = preSolution
		Debug|Any CPU = Debug|Any CPU
		Release|Any CPU = Release|Any CPU
	EndGlobalSection
	GlobalSection(ProjectConfigurationPlatforms) = postSolution
		{A5185F7C-84F0-4D8F-ACD3-4EBB4CDDC3BB}.Debug|Any CPU.ActiveCfg = Debug|Any CPU
		{A5185F7C-84F0-4D8F-ACD3-4EBB4CDDC3BB}.Debug|Any CPU.Build.0 = Debug|Any CPU
		{A5185F7C-84F0-4D8F-ACD3-4EBB4CDDC3BB}.Release|Any CPU.ActiveCfg = Release|Any CPU
		{A5185F7C-84F0-4D8F-ACD3-4EBB4CDDC3BB}.Release|Any CPU.Build.0 = Release|Any CPU
	EndGlobalSection
	GlobalSection(SolutionProperties) = preSolution
		HideSolutionNode = FALSE
	EndGlobalSection
	GlobalSection(ExtensibilityGlobals) = postSolution
		SolutionGuid = {BA5B3890-DEFE-42DC-B2FA-2CA0300B59B0}
	EndGlobalSection
EndGlobal
